// !$*UTF8*$!
{
	archiveVersion = 1;
	classes = {
	};
	objectVersion = 46;
	objects = {

/* Begin PBXBuildFile section */
		9B74DEFA1B28B0B700E6178B /* AppDelegate.swift in Sources */ = {isa = PBXBuildFile; fileRef = 9B74DEF91B28B0B700E6178B /* AppDelegate.swift */; };
		9B74DEFC1B28B0B700E6178B /* ViewController.swift in Sources */ = {isa = PBXBuildFile; fileRef = 9B74DEFB1B28B0B700E6178B /* ViewController.swift */; };
		9B74DEFF1B28B0B700E6178B /* Main.storyboard in Resources */ = {isa = PBXBuildFile; fileRef = 9B74DEFD1B28B0B700E6178B /* Main.storyboard */; };
		9B74DF011B28B0B700E6178B /* Images.xcassets in Resources */ = {isa = PBXBuildFile; fileRef = 9B74DF001B28B0B700E6178B /* Images.xcassets */; };
		9B74DF041B28B0B700E6178B /* LaunchScreen.xib in Resources */ = {isa = PBXBuildFile; fileRef = 9B74DF021B28B0B700E6178B /* LaunchScreen.xib */; };
		9B74DF101B28B0B700E6178B /* TwosTests.swift in Sources */ = {isa = PBXBuildFile; fileRef = 9B74DF0F1B28B0B700E6178B /* TwosTests.swift */; };
/* End PBXBuildFile section */

/* Begin PBXContainerItemProxy section */
		9B74DF0A1B28B0B700E6178B /* PBXContainerItemProxy */ = {
			isa = PBXContainerItemProxy;
			containerPortal = 9B74DEEC1B28B0B700E6178B /* Project object */;
			proxyType = 1;
			remoteGlobalIDString = 9B74DEF31B28B0B700E6178B;
			remoteInfo = Twos;
		};
/* End PBXContainerItemProxy section */

/* Begin PBXFileReference section */
		9B74DEF41B28B0B700E6178B /* Twos.app */ = {isa = PBXFileReference; explicitFileType = wrapper.application; includeInIndex = 0; path = Twos.app; sourceTree = BUILT_PRODUCTS_DIR; };
		9B74DEF81B28B0B700E6178B /* Info.plist */ = {isa = PBXFileReference; lastKnownFileType = text.plist.xml; path = Info.plist; sourceTree = "<group>"; };
		9B74DEF91B28B0B700E6178B /* AppDelegate.swift */ = {isa = PBXFileReference; lastKnownFileType = sourcecode.swift; path = AppDelegate.swift; sourceTree = "<group>"; };
		9B74DEFB1B28B0B700E6178B /* ViewController.swift */ = {isa = PBXFileReference; lastKnownFileType = sourcecode.swift; path = ViewController.swift; sourceTree = "<group>"; };
		9B74DEFE1B28B0B700E6178B /* Base */ = {isa = PBXFileReference; lastKnownFileType = file.storyboard; name = Base; path = Base.lproj/Main.storyboard; sourceTree = "<group>"; };
		9B74DF001B28B0B700E6178B /* Images.xcassets */ = {isa = PBXFileReference; lastKnownFileType = folder.assetcatalog; path = Images.xcassets; sourceTree = "<group>"; };
		9B74DF031B28B0B700E6178B /* Base */ = {isa = PBXFileReference; lastKnownFileType = file.xib; name = Base; path = Base.lproj/LaunchScreen.xib; sourceTree = "<group>"; };
		9B74DF091B28B0B700E6178B /* TwosTests.xctest */ = {isa = PBXFileReference; explicitFileType = wrapper.cfbundle; includeInIndex = 0; path = TwosTests.xctest; sourceTree = BUILT_PRODUCTS_DIR; };
		9B74DF0E1B28B0B700E6178B /* Info.plist */ = {isa = PBXFileReference; lastKnownFileType = text.plist.xml; path = Info.plist; sourceTree = "<group>"; };
		9B74DF0F1B28B0B700E6178B /* TwosTests.swift */ = {isa = PBXFileReference; lastKnownFileType = sourcecode.swift; path = TwosTests.swift; sourceTree = "<group>"; };
/* End PBXFileReference section */

/* Begin PBXFrameworksBuildPhase section */
		9B74DEF11B28B0B700E6178B /* Frameworks */ = {
			isa = PBXFrameworksBuildPhase;
			buildActionMask = 2147483647;
			files = (
			);
			runOnlyForDeploymentPostprocessing = 0;
		};
		9B74DF061B28B0B700E6178B /* Frameworks */ = {
			isa = PBXFrameworksBuildPhase;
			buildActionMask = 2147483647;
			files = (
			);
			runOnlyForDeploymentPostprocessing = 0;
		};
/* End PBXFrameworksBuildPhase section */

/* Begin PBXGroup section */
		9B74DEEB1B28B0B700E6178B = {
			isa = PBXGroup;
			children = (
				9B74DEF61B28B0B700E6178B /* Twos */,
				9B74DF0C1B28B0B700E6178B /* TwosTests */,
				9B74DEF51B28B0B700E6178B /* Products */,
			);
			sourceTree = "<group>";
		};
		9B74DEF51B28B0B700E6178B /* Products */ = {
			isa = PBXGroup;
			children = (
				9B74DEF41B28B0B700E6178B /* Twos.app */,
				9B74DF091B28B0B700E6178B /* TwosTests.xctest */,
			);
			name = Products;
			sourceTree = "<group>";
		};
		9B74DEF61B28B0B700E6178B /* Twos */ = {
			isa = PBXGroup;
			children = (
				9B74DEF91B28B0B700E6178B /* AppDelegate.swift */,
				9B74DEFB1B28B0B700E6178B /* ViewController.swift */,
				9B74DEFD1B28B0B700E6178B /* Main.storyboard */,
				9B74DF001B28B0B700E6178B /* Images.xcassets */,
				9B74DF021B28B0B700E6178B /* LaunchScreen.xib */,
				9B74DEF71B28B0B700E6178B /* Supporting Files */,
			);
			path = Twos;
			sourceTree = "<group>";
		};
		9B74DEF71B28B0B700E6178B /* Supporting Files */ = {
			isa = PBXGroup;
			children = (
				9B74DEF81B28B0B700E6178B /* Info.plist */,
			);
			name = "Supporting Files";
			sourceTree = "<group>";
		};
		9B74DF0C1B28B0B700E6178B /* TwosTests */ = {
			isa = PBXGroup;
			children = (
				9B74DF0F1B28B0B700E6178B /* TwosTests.swift */,
				9B74DF0D1B28B0B700E6178B /* Supporting Files */,
			);
			path = TwosTests;
			sourceTree = "<group>";
		};
		9B74DF0D1B28B0B700E6178B /* Supporting Files */ = {
			isa = PBXGroup;
			children = (
				9B74DF0E1B28B0B700E6178B /* Info.plist */,
			);
			name = "Supporting Files";
			sourceTree = "<group>";
		};
/* End PBXGroup section */

/* Begin PBXNativeTarget section */
		9B74DEF31B28B0B700E6178B /* Twos */ = {
			isa = PBXNativeTarget;
			buildConfigurationList = 9B74DF131B28B0B700E6178B /* Build configuration list for PBXNativeTarget "Twos" */;
			buildPhases = (
				9B74DEF01B28B0B700E6178B /* Sources */,
				9B74DEF11B28B0B700E6178B /* Frameworks */,
				9B74DEF21B28B0B700E6178B /* Resources */,
			);
			buildRules = (
			);
			dependencies = (
			);
			name = Twos;
			productName = Twos;
			productReference = 9B74DEF41B28B0B700E6178B /* Twos.app */;
			productType = "com.apple.product-type.application";
		};
		9B74DF081B28B0B700E6178B /* TwosTests */ = {
			isa = PBXNativeTarget;
			buildConfigurationList = 9B74DF161B28B0B700E6178B /* Build configuration list for PBXNativeTarget "TwosTests" */;
			buildPhases = (
				9B74DF051B28B0B700E6178B /* Sources */,
				9B74DF061B28B0B700E6178B /* Frameworks */,
				9B74DF071B28B0B700E6178B /* Resources */,
			);
			buildRules = (
			);
			dependencies = (
				9B74DF0B1B28B0B700E6178B /* PBXTargetDependency */,
			);
			name = TwosTests;
			productName = TwosTests;
			productReference = 9B74DF091B28B0B700E6178B /* TwosTests.xctest */;
			productType = "com.apple.product-type.bundle.unit-test";
		};
/* End PBXNativeTarget section */

/* Begin PBXProject section */
		9B74DEEC1B28B0B700E6178B /* Project object */ = {
			isa = PBXProject;
			attributes = {
				LastUpgradeCheck = 0630;
				ORGANIZATIONNAME = DannySullivan;
				TargetAttributes = {
					9B74DEF31B28B0B700E6178B = {
						CreatedOnToolsVersion = 6.3.2;
					};
					9B74DF081B28B0B700E6178B = {
						CreatedOnToolsVersion = 6.3.2;
						TestTargetID = 9B74DEF31B28B0B700E6178B;
					};
				};
			};
			buildConfigurationList = 9B74DEEF1B28B0B700E6178B /* Build configuration list for PBXProject "Twos" */;
			compatibilityVersion = "Xcode 3.2";
			developmentRegion = English;
			hasScannedForEncodings = 0;
			knownRegions = (
				en,
				Base,
			);
			mainGroup = 9B74DEEB1B28B0B700E6178B;
			productRefGroup = 9B74DEF51B28B0B700E6178B /* Products */;
			projectDirPath = "";
			projectRoot = "";
			targets = (
				9B74DEF31B28B0B700E6178B /* Twos */,
				9B74DF081B28B0B700E6178B /* TwosTests */,
			);
		};
/* End PBXProject section */

/* Begin PBXResourcesBuildPhase section */
		9B74DEF21B28B0B700E6178B /* Resources */ = {
			isa = PBXResourcesBuildPhase;
			buildActionMask = 2147483647;
			files = (
				9B74DEFF1B28B0B700E6178B /* Main.storyboard in Resources */,
				9B74DF041B28B0B700E6178B /* LaunchScreen.xib in Resources */,
				9B74DF011B28B0B700E6178B /* Images.xcassets in Resources */,
			);
			runOnlyForDeploymentPostprocessing = 0;
		};
		9B74DF071B28B0B700E6178B /* Resources */ = {
			isa = PBXResourcesBuildPhase;
			buildActionMask = 2147483647;
			files = (
			);
			runOnlyForDeploymentPostprocessing = 0;
		};
/* End PBXResourcesBuildPhase section */

/* Begin PBXSourcesBuildPhase section */
		9B74DEF01B28B0B700E6178B /* Sources */ = {
			isa = PBXSourcesBuildPhase;
			buildActionMask = 2147483647;
			files = (
				9B74DEFC1B28B0B700E6178B /* ViewController.swift in Sources */,
				9B74DEFA1B28B0B700E6178B /* AppDelegate.swift in Sources */,
			);
			runOnlyForDeploymentPostprocessing = 0;
		};
		9B74DF051B28B0B700E6178B /* Sources */ = {
			isa = PBXSourcesBuildPhase;
			buildActionMask = 2147483647;
			files = (
				9B74DF101B28B0B700E6178B /* TwosTests.swift in Sources */,
			);
			runOnlyForDeploymentPostprocessing = 0;
		};
/* End PBXSourcesBuildPhase section */

/* Begin PBXTargetDependency section */
		9B74DF0B1B28B0B700E6178B /* PBXTargetDependency */ = {
			isa = PBXTargetDependency;
			target = 9B74DEF31B28B0B700E6178B /* Twos */;
			targetProxy = 9B74DF0A1B28B0B700E6178B /* PBXContainerItemProxy */;
		};
/* End PBXTargetDependency section */

/* Begin PBXVariantGroup section */
		9B74DEFD1B28B0B700E6178B /* Main.storyboard */ = {
			isa = PBXVariantGroup;
			children = (
				9B74DEFE1B28B0B700E6178B /* Base */,
			);
			name = Main.storyboard;
			sourceTree = "<group>";
		};
		9B74DF021B28B0B700E6178B /* LaunchScreen.xib */ = {
			isa = PBXVariantGroup;
			children = (
				9B74DF031B28B0B700E6178B /* Base */,
			);
			name = LaunchScreen.xib;
			sourceTree = "<group>";
		};
/* End PBXVariantGroup section */

/* Begin XCBuildConfiguration section */
		9B74DF111B28B0B700E6178B /* Debug */ = {
			isa = XCBuildConfiguration;
			buildSettings = {
				ALWAYS_SEARCH_USER_PATHS = NO;
				CLANG_CXX_LANGUAGE_STANDARD = "gnu++0x";
				CLANG_CXX_LIBRARY = "libc++";
				CLANG_ENABLE_MODULES = YES;
				CLANG_ENABLE_OBJC_ARC = YES;
				CLANG_WARN_BOOL_CONVERSION = YES;
				CLANG_WARN_CONSTANT_CONVERSION = YES;
				CLANG_WARN_DIRECT_OBJC_ISA_USAGE = YES_ERROR;
				CLANG_WARN_EMPTY_BODY = YES;
				CLANG_WARN_ENUM_CONVERSION = YES;
				CLANG_WARN_INT_CONVERSION = YES;
				CLANG_WARN_OBJC_ROOT_CLASS = YES_ERROR;
				CLANG_WARN_UNREACHABLE_CODE = YES;
				CLANG_WARN__DUPLICATE_METHOD_MATCH = YES;
				"CODE_SIGN_IDENTITY[sdk=iphoneos*]" = "iPhone Developer";
				COPY_PHASE_STRIP = NO;
				DEBUG_INFORMATION_FORMAT = "dwarf-with-dsym";
				ENABLE_STRICT_OBJC_MSGSEND = YES;
				GCC_C_LANGUAGE_STANDARD = gnu99;
				GCC_DYNAMIC_NO_PIC = NO;
				GCC_NO_COMMON_BLOCKS = YES;
				GCC_OPTIMIZATION_LEVEL = 0;
				GCC_PREPROCESSOR_DEFINITIONS = (
					"DEBUG=1",
					"$(inherited)",
				);
				GCC_SYMBOLS_PRIVATE_EXTERN = NO;
				GCC_WARN_64_TO_32_BIT_CONVERSION = YES;
				GCC_WARN_ABOUT_RETURN_TYPE = YES_ERROR;
				GCC_WARN_UNDECLARED_SELECTOR = YES;
				GCC_WARN_UNINITIALIZED_AUTOS = YES_AGGRESSIVE;
				GCC_WARN_UNUSED_FUNCTION = YES;
				GCC_WARN_UNUSED_VARIABLE = YES;
				IPHONEOS_DEPLOYMENT_TARGET = 8.3;
				MTL_ENABLE_DEBUG_INFO = YES;
				ONLY_ACTIVE_ARCH = YES;
				SDKROOT = iphoneos;
				SWIFT_OPTIMIZATION_LEVEL = "-Onone";
			};
			name = Debug;
		};
		9B74DF121B28B0B700E6178B /* Release */ = {
			isa = XCBuildConfiguration;
			buildSettings = {
				ALWAYS_SEARCH_USER_PATHS = NO;
				CLANG_CXX_LANGUAGE_STANDARD = "gnu++0x";
				CLANG_CXX_LIBRARY = "libc++";
				CLANG_ENABLE_MODULES = YES;
				CLANG_ENABLE_OBJC_ARC = YES;
				CLANG_WARN_BOOL_CONVERSION = YES;
				CLANG_WARN_CONSTANT_CONVERSION = YES;
				CLANG_WARN_DIRECT_OBJC_ISA_USAGE = YES_ERROR;
				CLANG_WARN_EMPTY_BODY = YES;
				CLANG_WARN_ENUM_CONVERSION = YES;
				CLANG_WARN_INT_CONVERSION = YES;
				CLANG_WARN_OBJC_ROOT_CLASS = YES_ERROR;
				CLANG_WARN_UNREACHABLE_CODE = YES;
				CLANG_WARN__DUPLICATE_METHOD_MATCH = YES;
				"CODE_SIGN_IDENTITY[sdk=iphoneos*]" = "iPhone Developer";
				COPY_PHASE_STRIP = NO;
				DEBUG_INFORMATION_FORMAT = "dwarf-with-dsym";
				ENABLE_NS_ASSERTIONS = NO;
				ENABLE_STRICT_OBJC_MSGSEND = YES;
				GCC_C_LANGUAGE_STANDARD = gnu99;
				GCC_NO_COMMON_BLOCKS = YES;
				GCC_WARN_64_TO_32_BIT_CONVERSION = YES;
				GCC_WARN_ABOUT_RETURN_TYPE = YES_ERROR;
				GCC_WARN_UNDECLARED_SELECTOR = YES;
				GCC_WARN_UNINITIALIZED_AUTOS = YES_AGGRESSIVE;
				GCC_WARN_UNUSED_FUNCTION = YES;
				GCC_WARN_UNUSED_VARIABLE = YES;
				IPHONEOS_DEPLOYMENT_TARGET = 8.3;
				MTL_ENABLE_DEBUG_INFO = NO;
				SDKROOT = iphoneos;
				VALIDATE_PRODUCT = YES;
			};
			name = Release;
		};
		9B74DF141B28B0B700E6178B /* Debug */ = {
			isa = XCBuildConfiguration;
			buildSettings = {
				ASSETCATALOG_COMPILER_APPICON_NAME = AppIcon;
				INFOPLIST_FILE = Twos/Info.plist;
				LD_RUNPATH_SEARCH_PATHS = "$(inherited) @executable_path/Frameworks";
				PRODUCT_NAME = "$(TARGET_NAME)";
			};
			name = Debug;
		};
		9B74DF151B28B0B700E6178B /* Release */ = {
			isa = XCBuildConfiguration;
			buildSettings = {
				ASSETCATALOG_COMPILER_APPICON_NAME = AppIcon;
				INFOPLIST_FILE = Twos/Info.plist;
				LD_RUNPATH_SEARCH_PATHS = "$(inherited) @executable_path/Frameworks";
				PRODUCT_NAME = "$(TARGET_NAME)";
			};
			name = Release;
		};
		9B74DF171B28B0B700E6178B /* Debug */ = {
			isa = XCBuildConfiguration;
			buildSettings = {
				BUNDLE_LOADER = "$(TEST_HOST)";
				FRAMEWORK_SEARCH_PATHS = (
					"$(SDKROOT)/Developer/Library/Frameworks",
					"$(inherited)",
				);
				GCC_PREPROCESSOR_DEFINITIONS = (
					"DEBUG=1",
					"$(inherited)",
				);
				INFOPLIST_FILE = TwosTests/Info.plist;
				LD_RUNPATH_SEARCH_PATHS = "$(inherited) @executable_path/Frameworks @loader_path/Frameworks";
				PRODUCT_NAME = "$(TARGET_NAME)";
				TEST_HOST = "$(BUILT_PRODUCTS_DIR)/Twos.app/Twos";
			};
			name = Debug;
		};
		9B74DF181B28B0B700E6178B /* Release */ = {
			isa = XCBuildConfiguration;
			buildSettings = {
				BUNDLE_LOADER = "$(TEST_HOST)";
				FRAMEWORK_SEARCH_PATHS = (
					"$(SDKROOT)/Developer/Library/Frameworks",
					"$(inherited)",
				);
				INFOPLIST_FILE = TwosTests/Info.plist;
				LD_RUNPATH_SEARCH_PATHS = "$(inherited) @executable_path/Frameworks @loader_path/Frameworks";
				PRODUCT_NAME = "$(TARGET_NAME)";
				TEST_HOST = "$(BUILT_PRODUCTS_DIR)/Twos.app/Twos";
			};
			name = Release;
		};
/* End XCBuildConfiguration section */

/* Begin XCConfigurationList section */
		9B74DEEF1B28B0B700E6178B /* Build configuration list for PBXProject "Twos" */ = {
			isa = XCConfigurationList;
			buildConfigurations = (
				9B74DF111B28B0B700E6178B /* Debug */,
				9B74DF121B28B0B700E6178B /* Release */,
			);
			defaultConfigurationIsVisible = 0;
			defaultConfigurationName = Release;
		};
		9B74DF131B28B0B700E6178B /* Build configuration list for PBXNativeTarget "Twos" */ = {
			isa = XCConfigurationList;
			buildConfigurations = (
				9B74DF141B28B0B700E6178B /* Debug */,
				9B74DF151B28B0B700E6178B /* Release */,
			);
			defaultConfigurationIsVisible = 0;
		};
		9B74DF161B28B0B700E6178B /* Build configuration list for PBXNativeTarget "TwosTests" */ = {
			isa = XCConfigurationList;
			buildConfigurations = (
				9B74DF171B28B0B700E6178B /* Debug */,
				9B74DF181B28B0B700E6178B /* Release */,
			);
			defaultConfigurationIsVisible = 0;
		};
/* End XCConfigurationList section */
	};
	rootObject = 9B74DEEC1B28B0B700E6178B /* Project object */;
}
